// !$*UTF8*$!
{
	archiveVersion = 1;
	classes = {
	};
	objectVersion = 56;
	objects = {

/* Begin PBXBuildFile section */
		25B204892B8E1C03008BBC90 /* AppDelegate.swift in Sources */ = {isa = PBXBuildFile; fileRef = 25B204882B8E1C03008BBC90 /* AppDelegate.swift */; };
		25B2048B2B8E1C03008BBC90 /* SceneDelegate.swift in Sources */ = {isa = PBXBuildFile; fileRef = 25B2048A2B8E1C03008BBC90 /* SceneDelegate.swift */; };
		25B2048D2B8E1C03008BBC90 /* ViewController.swift in Sources */ = {isa = PBXBuildFile; fileRef = 25B2048C2B8E1C03008BBC90 /* ViewController.swift */; };
		25B204902B8E1C03008BBC90 /* Main.storyboard in Resources */ = {isa = PBXBuildFile; fileRef = 25B2048E2B8E1C03008BBC90 /* Main.storyboard */; };
		25B204922B8E1C04008BBC90 /* Assets.xcassets in Resources */ = {isa = PBXBuildFile; fileRef = 25B204912B8E1C04008BBC90 /* Assets.xcassets */; };
		25B204952B8E1C04008BBC90 /* LaunchScreen.storyboard in Resources */ = {isa = PBXBuildFile; fileRef = 25B204932B8E1C04008BBC90 /* LaunchScreen.storyboard */; };
		25B204A12B8E1C5F008BBC90 /* ResetView.swift in Sources */ = {isa = PBXBuildFile; fileRef = 25B2049C2B8E1C5F008BBC90 /* ResetView.swift */; };
		25B204A22B8E1C5F008BBC90 /* TilesCollectionViewCell.swift in Sources */ = {isa = PBXBuildFile; fileRef = 25B2049D2B8E1C5F008BBC90 /* TilesCollectionViewCell.swift */; };
		25B204A32B8E1C5F008BBC90 /* TilesCollectionViewCell.xib in Resources */ = {isa = PBXBuildFile; fileRef = 25B2049E2B8E1C5F008BBC90 /* TilesCollectionViewCell.xib */; };
		25B204A42B8E1C5F008BBC90 /* ResetView.xib in Resources */ = {isa = PBXBuildFile; fileRef = 25B2049F2B8E1C5F008BBC90 /* ResetView.xib */; };
		25B204A52B8E1C5F008BBC90 /* O.png in Resources */ = {isa = PBXBuildFile; fileRef = 25B204A02B8E1C5F008BBC90 /* O.png */; };
		25B204A72B8E1C6D008BBC90 /* X.png in Resources */ = {isa = PBXBuildFile; fileRef = 25B204A62B8E1C6D008BBC90 /* X.png */; };
/* End PBXBuildFile section */

/* Begin PBXFileReference section */
		25B204852B8E1C03008BBC90 /* Tic-tac-toe.app */ = {isa = PBXFileReference; explicitFileType = wrapper.application; includeInIndex = 0; path = "Tic-tac-toe.app"; sourceTree = BUILT_PRODUCTS_DIR; };
		25B204882B8E1C03008BBC90 /* AppDelegate.swift */ = {isa = PBXFileReference; lastKnownFileType = sourcecode.swift; path = AppDelegate.swift; sourceTree = "<group>"; };
		25B2048A2B8E1C03008BBC90 /* SceneDelegate.swift */ = {isa = PBXFileReference; lastKnownFileType = sourcecode.swift; path = SceneDelegate.swift; sourceTree = "<group>"; };
		25B2048C2B8E1C03008BBC90 /* ViewController.swift */ = {isa = PBXFileReference; lastKnownFileType = sourcecode.swift; path = ViewController.swift; sourceTree = "<group>"; };
		25B2048F2B8E1C03008BBC90 /* Base */ = {isa = PBXFileReference; lastKnownFileType = file.storyboard; name = Base; path = Base.lproj/Main.storyboard; sourceTree = "<group>"; };
		25B204912B8E1C04008BBC90 /* Assets.xcassets */ = {isa = PBXFileReference; lastKnownFileType = folder.assetcatalog; path = Assets.xcassets; sourceTree = "<group>"; };
		25B204942B8E1C04008BBC90 /* Base */ = {isa = PBXFileReference; lastKnownFileType = file.storyboard; name = Base; path = Base.lproj/LaunchScreen.storyboard; sourceTree = "<group>"; };
		25B204962B8E1C04008BBC90 /* Info.plist */ = {isa = PBXFileReference; lastKnownFileType = text.plist.xml; path = Info.plist; sourceTree = "<group>"; };
		25B2049C2B8E1C5F008BBC90 /* ResetView.swift */ = {isa = PBXFileReference; fileEncoding = 4; lastKnownFileType = sourcecode.swift; path = ResetView.swift; sourceTree = "<group>"; };
		25B2049D2B8E1C5F008BBC90 /* TilesCollectionViewCell.swift */ = {isa = PBXFileReference; fileEncoding = 4; lastKnownFileType = sourcecode.swift; path = TilesCollectionViewCell.swift; sourceTree = "<group>"; };
		25B2049E2B8E1C5F008BBC90 /* TilesCollectionViewCell.xib */ = {isa = PBXFileReference; fileEncoding = 4; lastKnownFileType = file.xib; path = TilesCollectionViewCell.xib; sourceTree = "<group>"; };
		25B2049F2B8E1C5F008BBC90 /* ResetView.xib */ = {isa = PBXFileReference; fileEncoding = 4; lastKnownFileType = file.xib; path = ResetView.xib; sourceTree = "<group>"; };
		25B204A02B8E1C5F008BBC90 /* O.png */ = {isa = PBXFileReference; lastKnownFileType = image.png; path = O.png; sourceTree = "<group>"; };
		25B204A62B8E1C6D008BBC90 /* X.png */ = {isa = PBXFileReference; lastKnownFileType = image.png; path = X.png; sourceTree = "<group>"; };
/* End PBXFileReference section */

/* Begin PBXFrameworksBuildPhase section */
		25B204822B8E1C03008BBC90 /* Frameworks */ = {
			isa = PBXFrameworksBuildPhase;
			buildActionMask = 2147483647;
			files = (
			);
			runOnlyForDeploymentPostprocessing = 0;
		};
/* End PBXFrameworksBuildPhase section */

/* Begin PBXGroup section */
		25B2047C2B8E1C03008BBC90 = {
			isa = PBXGroup;
			children = (
				25B204872B8E1C03008BBC90 /* Tic-tac-toe */,
				25B204862B8E1C03008BBC90 /* Products */,
			);
			sourceTree = "<group>";
		};
		25B204862B8E1C03008BBC90 /* Products */ = {
			isa = PBXGroup;
			children = (
				25B204852B8E1C03008BBC90 /* Tic-tac-toe.app */,
			);
			name = Products;
			sourceTree = "<group>";
		};
		25B204872B8E1C03008BBC90 /* Tic-tac-toe */ = {
			isa = PBXGroup;
			children = (
				25B204882B8E1C03008BBC90 /* AppDelegate.swift */,
				25B2048A2B8E1C03008BBC90 /* SceneDelegate.swift */,
				25B2048C2B8E1C03008BBC90 /* ViewController.swift */,
				25B2048E2B8E1C03008BBC90 /* Main.storyboard */,
				25B2049C2B8E1C5F008BBC90 /* ResetView.swift */,
				25B2049F2B8E1C5F008BBC90 /* ResetView.xib */,
				25B2049D2B8E1C5F008BBC90 /* TilesCollectionViewCell.swift */,
				25B2049E2B8E1C5F008BBC90 /* TilesCollectionViewCell.xib */,
				25B204A02B8E1C5F008BBC90 /* O.png */,
				25B204A62B8E1C6D008BBC90 /* X.png */,
				25B204912B8E1C04008BBC90 /* Assets.xcassets */,
				25B204932B8E1C04008BBC90 /* LaunchScreen.storyboard */,
				25B204962B8E1C04008BBC90 /* Info.plist */,
			);
			path = "Tic-tac-toe";
			sourceTree = "<group>";
		};
/* End PBXGroup section */

/* Begin PBXNativeTarget section */
		25B204842B8E1C03008BBC90 /* Tic-tac-toe */ = {
			isa = PBXNativeTarget;
			buildConfigurationList = 25B204992B8E1C04008BBC90 /* Build configuration list for PBXNativeTarget "Tic-tac-toe" */;
			buildPhases = (
				25B204812B8E1C03008BBC90 /* Sources */,
				25B204822B8E1C03008BBC90 /* Frameworks */,
				25B204832B8E1C03008BBC90 /* Resources */,
			);
			buildRules = (
			);
			dependencies = (
			);
			name = "Tic-tac-toe";
			productName = "Tic-tac-toe";
			productReference = 25B204852B8E1C03008BBC90 /* Tic-tac-toe.app */;
			productType = "com.apple.product-type.application";
		};
/* End PBXNativeTarget section */

/* Begin PBXProject section */
		25B2047D2B8E1C03008BBC90 /* Project object */ = {
			isa = PBXProject;
			attributes = {
				BuildIndependentTargetsInParallel = 1;
				LastSwiftUpdateCheck = 1520;
				LastUpgradeCheck = 1520;
				TargetAttributes = {
					25B204842B8E1C03008BBC90 = {
						CreatedOnToolsVersion = 15.2;
					};
				};
			};
			buildConfigurationList = 25B204802B8E1C03008BBC90 /* Build configuration list for PBXProject "Tic-tac-toe" */;
			compatibilityVersion = "Xcode 14.0";
			developmentRegion = en;
			hasScannedForEncodings = 0;
			knownRegions = (
				en,
				Base,
			);
			mainGroup = 25B2047C2B8E1C03008BBC90;
			productRefGroup = 25B204862B8E1C03008BBC90 /* Products */;
			projectDirPath = "";
			projectRoot = "";
			targets = (
				25B204842B8E1C03008BBC90 /* Tic-tac-toe */,
			);
		};
/* End PBXProject section */

/* Begin PBXResourcesBuildPhase section */
		25B204832B8E1C03008BBC90 /* Resources */ = {
			isa = PBXResourcesBuildPhase;
			buildActionMask = 2147483647;
			files = (
				25B204A32B8E1C5F008BBC90 /* TilesCollectionViewCell.xib in Resources */,
				25B204952B8E1C04008BBC90 /* LaunchScreen.storyboard in Resources */,
				25B204922B8E1C04008BBC90 /* Assets.xcassets in Resources */,
				25B204A52B8E1C5F008BBC90 /* O.png in Resources */,
				25B204A72B8E1C6D008BBC90 /* X.png in Resources */,
				25B204902B8E1C03008BBC90 /* Main.storyboard in Resources */,
				25B204A42B8E1C5F008BBC90 /* ResetView.xib in Resources */,
			);
			runOnlyForDeploymentPostprocessing = 0;
		};
/* End PBXResourcesBuildPhase section */

/* Begin PBXSourcesBuildPhase section */
		25B204812B8E1C03008BBC90 /* Sources */ = {
			isa = PBXSourcesBuildPhase;
			buildActionMask = 2147483647;
			files = (
				25B204A12B8E1C5F008BBC90 /* ResetView.swift in Sources */,
				25B2048D2B8E1C03008BBC90 /* ViewController.swift in Sources */,
				25B204892B8E1C03008BBC90 /* AppDelegate.swift in Sources */,
				25B204A22B8E1C5F008BBC90 /* TilesCollectionViewCell.swift in Sources */,
				25B2048B2B8E1C03008BBC90 /* SceneDelegate.swift in Sources */,
			);
			runOnlyForDeploymentPostprocessing = 0;
		};
/* End PBXSourcesBuildPhase section */

/* Begin PBXVariantGroup section */
		25B2048E2B8E1C03008BBC90 /* Main.storyboard */ = {
			isa = PBXVariantGroup;
			children = (
				25B2048F2B8E1C03008BBC90 /* Base */,
			);
			name = Main.storyboard;
			sourceTree = "<group>";
		};
		25B204932B8E1C04008BBC90 /* LaunchScreen.storyboard */ = {
			isa = PBXVariantGroup;
			children = (
				25B204942B8E1C04008BBC90 /* Base */,
			);
			name = LaunchScreen.storyboard;
			sourceTree = "<group>";
		};
/* End PBXVariantGroup section */

/* Begin XCBuildConfiguration section */
		25B204972B8E1C04008BBC90 /* Debug */ = {
			isa = XCBuildConfiguration;
			buildSettings = {
				ALWAYS_SEARCH_USER_PATHS = NO;
				ASSETCATALOG_COMPILER_GENERATE_SWIFT_ASSET_SYMBOL_EXTENSIONS = YES;
				CLANG_ANALYZER_NONNULL = YES;
				CLANG_ANALYZER_NUMBER_OBJECT_CONVERSION = YES_AGGRESSIVE;
				CLANG_CXX_LANGUAGE_STANDARD = "gnu++20";
				CLANG_ENABLE_MODULES = YES;
				CLANG_ENABLE_OBJC_ARC = YES;
				CLANG_ENABLE_OBJC_WEAK = YES;
				CLANG_WARN_BLOCK_CAPTURE_AUTORELEASING = YES;
				CLANG_WARN_BOOL_CONVERSION = YES;
				CLANG_WARN_COMMA = YES;
				CLANG_WARN_CONSTANT_CONVERSION = YES;
				CLANG_WARN_DEPRECATED_OBJC_IMPLEMENTATIONS = YES;
				CLANG_WARN_DIRECT_OBJC_ISA_USAGE = YES_ERROR;
				CLANG_WARN_DOCUMENTATION_COMMENTS = YES;
				CLANG_WARN_EMPTY_BODY = YES;
				CLANG_WARN_ENUM_CONVERSION = YES;
				CLANG_WARN_INFINITE_RECURSION = YES;
				CLANG_WARN_INT_CONVERSION = YES;
				CLANG_WARN_NON_LITERAL_NULL_CONVERSION = YES;
				CLANG_WARN_OBJC_IMPLICIT_RETAIN_SELF = YES;
				CLANG_WARN_OBJC_LITERAL_CONVERSION = YES;
				CLANG_WARN_OBJC_ROOT_CLASS = YES_ERROR;
				CLANG_WARN_QUOTED_INCLUDE_IN_FRAMEWORK_HEADER = YES;
				CLANG_WARN_RANGE_LOOP_ANALYSIS = YES;
				CLANG_WARN_STRICT_PROTOTYPES = YES;
				CLANG_WARN_SUSPICIOUS_MOVE = YES;
				CLANG_WARN_UNGUARDED_AVAILABILITY = YES_AGGRESSIVE;
				CLANG_WARN_UNREACHABLE_CODE = YES;
				CLANG_WARN__DUPLICATE_METHOD_MATCH = YES;
				COPY_PHASE_STRIP = NO;
				DEBUG_INFORMATION_FORMAT = dwarf;
				ENABLE_STRICT_OBJC_MSGSEND = YES;
				ENABLE_TESTABILITY = YES;
				ENABLE_USER_SCRIPT_SANDBOXING = YES;
				GCC_C_LANGUAGE_STANDARD = gnu17;
				GCC_DYNAMIC_NO_PIC = NO;
				GCC_NO_COMMON_BLOCKS = YES;
				GCC_OPTIMIZATION_LEVEL = 0;
				GCC_PREPROCESSOR_DEFINITIONS = (
					"DEBUG=1",
					"$(inherited)",
				);
				GCC_WARN_64_TO_32_BIT_CONVERSION = YES;
				GCC_WARN_ABOUT_RETURN_TYPE = YES_ERROR;
				GCC_WARN_UNDECLARED_SELECTOR = YES;
				GCC_WARN_UNINITIALIZED_AUTOS = YES_AGGRESSIVE;
				GCC_WARN_UNUSED_FUNCTION = YES;
				GCC_WARN_UNUSED_VARIABLE = YES;
				IPHONEOS_DEPLOYMENT_TARGET = 17.2;
				LOCALIZATION_PREFERS_STRING_CATALOGS = YES;
				MTL_ENABLE_DEBUG_INFO = INCLUDE_SOURCE;
				MTL_FAST_MATH = YES;
				ONLY_ACTIVE_ARCH = YES;
				SDKROOT = iphoneos;
				SWIFT_ACTIVE_COMPILATION_CONDITIONS = "DEBUG $(inherited)";
				SWIFT_OPTIMIZATION_LEVEL = "-Onone";
			};
			name = Debug;
		};
		25B204982B8E1C04008BBC90 /* Release */ = {
			isa = XCBuildConfiguration;
			buildSettings = {
				ALWAYS_SEARCH_USER_PATHS = NO;
				ASSETCATALOG_COMPILER_GENERATE_SWIFT_ASSET_SYMBOL_EXTENSIONS = YES;
				CLANG_ANALYZER_NONNULL = YES;
				CLANG_ANALYZER_NUMBER_OBJECT_CONVERSION = YES_AGGRESSIVE;
				CLANG_CXX_LANGUAGE_STANDARD = "gnu++20";
				CLANG_ENABLE_MODULES = YES;
				CLANG_ENABLE_OBJC_ARC = YES;
				CLANG_ENABLE_OBJC_WEAK = YES;
				CLANG_WARN_BLOCK_CAPTURE_AUTORELEASING = YES;
				CLANG_WARN_BOOL_CONVERSION = YES;
				CLANG_WARN_COMMA = YES;
				CLANG_WARN_CONSTANT_CONVERSION = YES;
				CLANG_WARN_DEPRECATED_OBJC_IMPLEMENTATIONS = YES;
				CLANG_WARN_DIRECT_OBJC_ISA_USAGE = YES_ERROR;
				CLANG_WARN_DOCUMENTATION_COMMENTS = YES;
				CLANG_WARN_EMPTY_BODY = YES;
				CLANG_WARN_ENUM_CONVERSION = YES;
				CLANG_WARN_INFINITE_RECURSION = YES;
				CLANG_WARN_INT_CONVERSION = YES;
				CLANG_WARN_NON_LITERAL_NULL_CONVERSION = YES;
				CLANG_WARN_OBJC_IMPLICIT_RETAIN_SELF = YES;
				CLANG_WARN_OBJC_LITERAL_CONVERSION = YES;
				CLANG_WARN_OBJC_ROOT_CLASS = YES_ERROR;
				CLANG_WARN_QUOTED_INCLUDE_IN_FRAMEWORK_HEADER = YES;
				CLANG_WARN_RANGE_LOOP_ANALYSIS = YES;
				CLANG_WARN_STRICT_PROTOTYPES = YES;
				CLANG_WARN_SUSPICIOUS_MOVE = YES;
				CLANG_WARN_UNGUARDED_AVAILABILITY = YES_AGGRESSIVE;
				CLANG_WARN_UNREACHABLE_CODE = YES;
				CLANG_WARN__DUPLICATE_METHOD_MATCH = YES;
				COPY_PHASE_STRIP = NO;
				DEBUG_INFORMATION_FORMAT = "dwarf-with-dsym";
				ENABLE_NS_ASSERTIONS = NO;
				ENABLE_STRICT_OBJC_MSGSEND = YES;
				ENABLE_USER_SCRIPT_SANDBOXING = YES;
				GCC_C_LANGUAGE_STANDARD = gnu17;
				GCC_NO_COMMON_BLOCKS = YES;
				GCC_WARN_64_TO_32_BIT_CONVERSION = YES;
				GCC_WARN_ABOUT_RETURN_TYPE = YES_ERROR;
				GCC_WARN_UNDECLARED_SELECTOR = YES;
				GCC_WARN_UNINITIALIZED_AUTOS = YES_AGGRESSIVE;
				GCC_WARN_UNUSED_FUNCTION = YES;
				GCC_WARN_UNUSED_VARIABLE = YES;
				IPHONEOS_DEPLOYMENT_TARGET = 17.2;
				LOCALIZATION_PREFERS_STRING_CATALOGS = YES;
				MTL_ENABLE_DEBUG_INFO = NO;
				MTL_FAST_MATH = YES;
				SDKROOT = iphoneos;
				SWIFT_COMPILATION_MODE = wholemodule;
				VALIDATE_PRODUCT = YES;
			};
			name = Release;
		};
		25B2049A2B8E1C04008BBC90 /* Debug */ = {
			isa = XCBuildConfiguration;
			buildSettings = {
				ASSETCATALOG_COMPILER_APPICON_NAME = AppIcon;
				ASSETCATALOG_COMPILER_GLOBAL_ACCENT_COLOR_NAME = AccentColor;
				CODE_SIGN_STYLE = Automatic;
				CURRENT_PROJECT_VERSION = 1;
				DEVELOPMENT_TEAM = PC6SRXVUS2;
				GENERATE_INFOPLIST_FILE = YES;
				INFOPLIST_FILE = "Tic-tac-toe/Info.plist";
				INFOPLIST_KEY_UIApplicationSupportsIndirectInputEvents = YES;
				INFOPLIST_KEY_UILaunchStoryboardName = LaunchScreen;
				INFOPLIST_KEY_UIMainStoryboardFile = Main;
				INFOPLIST_KEY_UISupportedInterfaceOrientations_iPad = "UIInterfaceOrientationPortrait UIInterfaceOrientationPortraitUpsideDown UIInterfaceOrientationLandscapeLeft UIInterfaceOrientationLandscapeRight";
				INFOPLIST_KEY_UISupportedInterfaceOrientations_iPhone = "UIInterfaceOrientationPortrait UIInterfaceOrientationLandscapeLeft UIInterfaceOrientationLandscapeRight";
				LD_RUNPATH_SEARCH_PATHS = (
					"$(inherited)",
					"@executable_path/Frameworks",
				);
				MARKETING_VERSION = 1.0;
				PRODUCT_BUNDLE_IDENTIFIER = "Eshan-Verma.Tic-tac-toe";
				PRODUCT_NAME = "$(TARGET_NAME)";
				SWIFT_EMIT_LOC_STRINGS = YES;
				SWIFT_VERSION = 5.0;
				TARGETED_DEVICE_FAMILY = "1,2";
			};
			name = Debug;
		};
		25B2049B2B8E1C04008BBC90 /* Release */ = {
			isa = XCBuildConfiguration;
			buildSettings = {
				ASSETCATALOG_COMPILER_APPICON_NAME = AppIcon;
				ASSETCATALOG_COMPILER_GLOBAL_ACCENT_COLOR_NAME = AccentColor;
				CODE_SIGN_STYLE = Automatic;
				CURRENT_PROJECT_VERSION = 1;
				DEVELOPMENT_TEAM = PC6SRXVUS2;
				GENERATE_INFOPLIST_FILE = YES;
				INFOPLIST_FILE = "Tic-tac-toe/Info.plist";
				INFOPLIST_KEY_UIApplicationSupportsIndirectInputEvents = YES;
				INFOPLIST_KEY_UILaunchStoryboardName = LaunchScreen;
				INFOPLIST_KEY_UIMainStoryboardFile = Main;
				INFOPLIST_KEY_UISupportedInterfaceOrientations_iPad = "UIInterfaceOrientationPortrait UIInterfaceOrientationPortraitUpsideDown UIInterfaceOrientationLandscapeLeft UIInterfaceOrientationLandscapeRight";
				INFOPLIST_KEY_UISupportedInterfaceOrientations_iPhone = "UIInterfaceOrientationPortrait UIInterfaceOrientationLandscapeLeft UIInterfaceOrientationLandscapeRight";
				LD_RUNPATH_SEARCH_PATHS = (
					"$(inherited)",
					"@executable_path/Frameworks",
				);
				MARKETING_VERSION = 1.0;
				PRODUCT_BUNDLE_IDENTIFIER = "Eshan-Verma.Tic-tac-toe";
				PRODUCT_NAME = "$(TARGET_NAME)";
				SWIFT_EMIT_LOC_STRINGS = YES;
				SWIFT_VERSION = 5.0;
				TARGETED_DEVICE_FAMILY = "1,2";
			};
			name = Release;
		};
/* End XCBuildConfiguration section */

/* Begin XCConfigurationList section */
		25B204802B8E1C03008BBC90 /* Build configuration list for PBXProject "Tic-tac-toe" */ = {
			isa = XCConfigurationList;
			buildConfigurations = (
				25B204972B8E1C04008BBC90 /* Debug */,
				25B204982B8E1C04008BBC90 /* Release */,
			);
			defaultConfigurationIsVisible = 0;
			defaultConfigurationName = Release;
		};
		25B204992B8E1C04008BBC90 /* Build configuration list for PBXNativeTarget "Tic-tac-toe" */ = {
			isa = XCConfigurationList;
			buildConfigurations = (
				25B2049A2B8E1C04008BBC90 /* Debug */,
				25B2049B2B8E1C04008BBC90 /* Release */,
			);
			defaultConfigurationIsVisible = 0;
			defaultConfigurationName = Release;
		};
/* End XCConfigurationList section */
	};
	rootObject = 25B2047D2B8E1C03008BBC90 /* Project object */;
}
